
Microsoft Visual Studio Solution File, Format Version 12.00
# Visual Studio 15
VisualStudioVersion = 15.0.26124.0
MinimumVisualStudioVersion = 15.0.26124.0
Project("{2150E333-8FDC-42A3-9474-1A3956D46DE8}") = "src", "src", "{76C7456D-C3DF-436E-BFC0-92B341FF610C}"
EndProject
Project("{FAE04EC0-301F-11D3-BF4B-00C04F79EFBC}") = "AD.Demo.API", "src\AD.Demo.API\AD.Demo.API.csproj", "{42356F27-78BD-46FB-B921-CD31ABCC5123}"
EndProject
Project("{FAE04EC0-301F-11D3-BF4B-00C04F79EFBC}") = "AD.Demo.DataAccess", "src\AD.Demo.DataAccess\AD.Demo.DataAccess.csproj", "{8932CB64-64AA-460A-8987-62AB7689F5A7}"
EndProject
Project("{FAE04EC0-301F-11D3-BF4B-00C04F79EFBC}") = "AD.Demo.API.Models", "src\AD.Demo.API.Models\AD.Demo.API.Models.csproj", "{41EF074D-BC4F-4307-A4E6-7E2567123F92}"
EndProject
Global
	GlobalSection(SolutionConfigurationPlatforms) = preSolution
		Debug|Any CPU = Debug|Any CPU
		Debug|x64 = Debug|x64
		Debug|x86 = Debug|x86
		Release|Any CPU = Release|Any CPU
		Release|x64 = Release|x64
		Release|x86 = Release|x86
	EndGlobalSection
	GlobalSection(SolutionProperties) = preSolution
		HideSolutionNode = FALSE
	EndGlobalSection
	GlobalSection(ProjectConfigurationPlatforms) = postSolution
		{42356F27-78BD-46FB-B921-CD31ABCC5123}.Debug|Any CPU.ActiveCfg = Debug|Any CPU
		{42356F27-78BD-46FB-B921-CD31ABCC5123}.Debug|Any CPU.Build.0 = Debug|Any CPU
		{42356F27-78BD-46FB-B921-CD31ABCC5123}.Debug|x64.ActiveCfg = Debug|Any CPU
		{42356F27-78BD-46FB-B921-CD31ABCC5123}.Debug|x64.Build.0 = Debug|Any CPU
		{42356F27-78BD-46FB-B921-CD31ABCC5123}.Debug|x86.ActiveCfg = Debug|Any CPU
		{42356F27-78BD-46FB-B921-CD31ABCC5123}.Debug|x86.Build.0 = Debug|Any CPU
		{42356F27-78BD-46FB-B921-CD31ABCC5123}.Release|Any CPU.ActiveCfg = Release|Any CPU
		{42356F27-78BD-46FB-B921-CD31ABCC5123}.Release|Any CPU.Build.0 = Release|Any CPU
		{42356F27-78BD-46FB-B921-CD31ABCC5123}.Release|x64.ActiveCfg = Release|Any CPU
		{42356F27-78BD-46FB-B921-CD31ABCC5123}.Release|x64.Build.0 = Release|Any CPU
		{42356F27-78BD-46FB-B921-CD31ABCC5123}.Release|x86.ActiveCfg = Release|Any CPU
		{42356F27-78BD-46FB-B921-CD31ABCC5123}.Release|x86.Build.0 = Release|Any CPU
		{8932CB64-64AA-460A-8987-62AB7689F5A7}.Debug|Any CPU.ActiveCfg = Debug|Any CPU
		{8932CB64-64AA-460A-8987-62AB7689F5A7}.Debug|Any CPU.Build.0 = Debug|Any CPU
		{8932CB64-64AA-460A-8987-62AB7689F5A7}.Debug|x64.ActiveCfg = Debug|Any CPU
		{8932CB64-64AA-460A-8987-62AB7689F5A7}.Debug|x64.Build.0 = Debug|Any CPU
		{8932CB64-64AA-460A-8987-62AB7689F5A7}.Debug|x86.ActiveCfg = Debug|Any CPU
		{8932CB64-64AA-460A-8987-62AB7689F5A7}.Debug|x86.Build.0 = Debug|Any CPU
		{8932CB64-64AA-460A-8987-62AB7689F5A7}.Release|Any CPU.ActiveCfg = Release|Any CPU
		{8932CB64-64AA-460A-8987-62AB7689F5A7}.Release|Any CPU.Build.0 = Release|Any CPU
		{8932CB64-64AA-460A-8987-62AB7689F5A7}.Release|x64.ActiveCfg = Release|Any CPU
		{8932CB64-64AA-460A-8987-62AB7689F5A7}.Release|x64.Build.0 = Release|Any CPU
		{8932CB64-64AA-460A-8987-62AB7689F5A7}.Release|x86.ActiveCfg = Release|Any CPU
		{8932CB64-64AA-460A-8987-62AB7689F5A7}.Release|x86.Build.0 = Release|Any CPU
		{41EF074D-BC4F-4307-A4E6-7E2567123F92}.Debug|Any CPU.ActiveCfg = Debug|Any CPU
		{41EF074D-BC4F-4307-A4E6-7E2567123F92}.Debug|Any CPU.Build.0 = Debug|Any CPU
		{41EF074D-BC4F-4307-A4E6-7E2567123F92}.Debug|x64.ActiveCfg = Debug|Any CPU
		{41EF074D-BC4F-4307-A4E6-7E2567123F92}.Debug|x64.Build.0 = Debug|Any CPU
		{41EF074D-BC4F-4307-A4E6-7E2567123F92}.Debug|x86.ActiveCfg = Debug|Any CPU
		{41EF074D-BC4F-4307-A4E6-7E2567123F92}.Debug|x86.Build.0 = Debug|Any CPU
		{41EF074D-BC4F-4307-A4E6-7E2567123F92}.Release|Any CPU.ActiveCfg = Release|Any CPU
		{41EF074D-BC4F-4307-A4E6-7E2567123F92}.Release|Any CPU.Build.0 = Release|Any CPU
		{41EF074D-BC4F-4307-A4E6-7E2567123F92}.Release|x64.ActiveCfg = Release|Any CPU
		{41EF074D-BC4F-4307-A4E6-7E2567123F92}.Release|x64.Build.0 = Release|Any CPU
		{41EF074D-BC4F-4307-A4E6-7E2567123F92}.Release|x86.ActiveCfg = Release|Any CPU
		{41EF074D-BC4F-4307-A4E6-7E2567123F92}.Release|x86.Build.0 = Release|Any CPU
	EndGlobalSection
	GlobalSection(NestedProjects) = preSolution
		{42356F27-78BD-46FB-B921-CD31ABCC5123} = {76C7456D-C3DF-436E-BFC0-92B341FF610C}
		{8932CB64-64AA-460A-8987-62AB7689F5A7} = {76C7456D-C3DF-436E-BFC0-92B341FF610C}
		{41EF074D-BC4F-4307-A4E6-7E2567123F92} = {76C7456D-C3DF-436E-BFC0-92B341FF610C}
	EndGlobalSection
EndGlobal
